
Microsoft Visual Studio Solution File, Format Version 12.00
# Visual Studio Version 16
VisualStudioVersion = 16.0.28902.138
MinimumVisualStudioVersion = 10.0.40219.1
Project("{FAE04EC0-301F-11D3-BF4B-00C04F79EFBC}") = "AspNetCoreWithPowerShell", "AspNetCoreWithPowerShell\AspNetCoreWithPowerShell.csproj", "{E6FA2D6B-A710-407F-81CA-2B9E1853932F}"
EndProject
Global
	GlobalSection(SolutionConfigurationPlatforms) = preSolution
		Debug|Any CPU = Debug|Any CPU
		Release|Any CPU = Release|Any CPU
	EndGlobalSection
	GlobalSection(ProjectConfigurationPlatforms) = postSolution
		{E6FA2D6B-A710-407F-81CA-2B9E1853932F}.Debug|Any CPU.ActiveCfg = Debug|Any CPU
		{E6FA2D6B-A710-407F-81CA-2B9E1853932F}.Debug|Any CPU.Build.0 = Debug|Any CPU
		{E6FA2D6B-A710-407F-81CA-2B9E1853932F}.Release|Any CPU.ActiveCfg = Release|Any CPU
		{E6FA2D6B-A710-407F-81CA-2B9E1853932F}.Release|Any CPU.Build.0 = Release|Any CPU
	EndGlobalSection
	GlobalSection(SolutionProperties) = preSolution
		HideSolutionNode = FALSE
	EndGlobalSection
	GlobalSection(ExtensibilityGlobals) = postSolution
		SolutionGuid = {B8B5C267-B527-4609-B592-C018237E8229}
	EndGlobalSection
EndGlobal
